
Microsoft Visual Studio Solution File, Format Version 12.00
# Visual Studio Version 17
VisualStudioVersion = 17.13.35931.197 d17.13
MinimumVisualStudioVersion = 10.0.40219.1
Project("{FAE04EC0-301F-11D3-BF4B-00C04F79EFBC}") = "RocketLeagueIRLMobile", "RocketLeagueIRLMobile\RocketLeagueIRLMobile.csproj", "{205D1E06-D49E-4B08-AB3E-A813D34CA778}"
EndProject
Global
	GlobalSection(SolutionConfigurationPlatforms) = preSolution
		Debug|Any CPU = Debug|Any CPU
		Release|Any CPU = Release|Any CPU
	EndGlobalSection
	GlobalSection(ProjectConfigurationPlatforms) = postSolution
		{205D1E06-D49E-4B08-AB3E-A813D34CA778}.Debug|Any CPU.ActiveCfg = Debug|Any CPU
		{205D1E06-D49E-4B08-AB3E-A813D34CA778}.Debug|Any CPU.Build.0 = Debug|Any CPU
		{205D1E06-D49E-4B08-AB3E-A813D34CA778}.Release|Any CPU.ActiveCfg = Release|Any CPU
		{205D1E06-D49E-4B08-AB3E-A813D34CA778}.Release|Any CPU.Build.0 = Release|Any CPU
	EndGlobalSection
	GlobalSection(SolutionProperties) = preSolution
		HideSolutionNode = FALSE
	EndGlobalSection
	GlobalSection(ExtensibilityGlobals) = postSolution
		SolutionGuid = {5657AC9E-A85C-4784-8412-FCD6456F763A}
	EndGlobalSection
EndGlobal
